
Microsoft Visual Studio Solution File, Format Version 12.00
# Visual Studio 15
VisualStudioVersion = 15.0.28010.2036
MinimumVisualStudioVersion = 10.0.40219.1
Project("{FAE04EC0-301F-11D3-BF4B-00C04F79EFBC}") = "FreeFairy", "FreeFairy\FreeFairy.csproj", "{BF59FAD8-8D90-41B2-AD9B-5A8F9C32D594}"
EndProject
Global
	GlobalSection(SolutionConfigurationPlatforms) = preSolution
		Debug|Any CPU = Debug|Any CPU
		Release|Any CPU = Release|Any CPU
	EndGlobalSection
	GlobalSection(ProjectConfigurationPlatforms) = postSolution
		{BF59FAD8-8D90-41B2-AD9B-5A8F9C32D594}.Debug|Any CPU.ActiveCfg = Debug|Any CPU
		{BF59FAD8-8D90-41B2-AD9B-5A8F9C32D594}.Debug|Any CPU.Build.0 = Debug|Any CPU
		{BF59FAD8-8D90-41B2-AD9B-5A8F9C32D594}.Release|Any CPU.ActiveCfg = Release|Any CPU
		{BF59FAD8-8D90-41B2-AD9B-5A8F9C32D594}.Release|Any CPU.Build.0 = Release|Any CPU
	EndGlobalSection
	GlobalSection(SolutionProperties) = preSolution
		HideSolutionNode = FALSE
	EndGlobalSection
	GlobalSection(ExtensibilityGlobals) = postSolution
		SolutionGuid = {CE31C888-7503-4AFA-B95C-5576FD5DDDE9}
	EndGlobalSection
EndGlobal
